
Microsoft Visual Studio Solution File, Format Version 12.00
# Visual Studio Version 16
VisualStudioVersion = 25.0.1705.6
MinimumVisualStudioVersion = 10.0.40219.1
Project("{FAE04EC0-301F-11D3-BF4B-00C04F79EFBC}") = "Coding Exercise 114M - SEARCH API (2) ONEHSN", "Coding Exercise 114M - SEARCH API (2) ONEHSN\Coding Exercise 114M - SEARCH API (2) ONEHSN.csproj", "{789474DD-AE88-48F8-A682-A7C83D1E5E12}"
EndProject
Global
	GlobalSection(SolutionConfigurationPlatforms) = preSolution
		Debug|Any CPU = Debug|Any CPU
		Release|Any CPU = Release|Any CPU
	EndGlobalSection
	GlobalSection(ProjectConfigurationPlatforms) = postSolution
		{789474DD-AE88-48F8-A682-A7C83D1E5E12}.Debug|Any CPU.ActiveCfg = Debug|Any CPU
		{789474DD-AE88-48F8-A682-A7C83D1E5E12}.Debug|Any CPU.Build.0 = Debug|Any CPU
		{789474DD-AE88-48F8-A682-A7C83D1E5E12}.Release|Any CPU.ActiveCfg = Release|Any CPU
		{789474DD-AE88-48F8-A682-A7C83D1E5E12}.Release|Any CPU.Build.0 = Release|Any CPU
	EndGlobalSection
	GlobalSection(SolutionProperties) = preSolution
		HideSolutionNode = FALSE
	EndGlobalSection
	GlobalSection(ExtensibilityGlobals) = postSolution
		SolutionGuid = {2BF32D10-BB3C-4A1F-BB2D-075DA21AC8B2}
	EndGlobalSection
EndGlobal
